// !$*UTF8*$!
{
	archiveVersion = 1;
	classes = {
	};
	objectVersion = 56;
	objects = {

/* Begin PBXBuildFile section */
		CDDBBBA92BC10FD800F58F43 /* BookListApp.swift in Sources */ = {isa = PBXBuildFile; fileRef = CDDBBBA82BC10FD800F58F43 /* BookListApp.swift */; };
		CDDBBBAB2BC10FD800F58F43 /* ContentView.swift in Sources */ = {isa = PBXBuildFile; fileRef = CDDBBBAA2BC10FD800F58F43 /* ContentView.swift */; };
		CDDBBBAD2BC10FD900F58F43 /* Assets.xcassets in Resources */ = {isa = PBXBuildFile; fileRef = CDDBBBAC2BC10FD900F58F43 /* Assets.xcassets */; };
		CDDBBBB02BC10FD900F58F43 /* Preview Assets.xcassets in Resources */ = {isa = PBXBuildFile; fileRef = CDDBBBAF2BC10FD900F58F43 /* Preview Assets.xcassets */; };
		CDDBBBBA2BC10FD900F58F43 /* BookListTests.swift in Sources */ = {isa = PBXBuildFile; fileRef = CDDBBBB92BC10FD900F58F43 /* BookListTests.swift */; };
		CDDBBBC42BC10FD900F58F43 /* BookListUITests.swift in Sources */ = {isa = PBXBuildFile; fileRef = CDDBBBC32BC10FD900F58F43 /* BookListUITests.swift */; };
		CDDBBBC62BC10FD900F58F43 /* BookListUITestsLaunchTests.swift in Sources */ = {isa = PBXBuildFile; fileRef = CDDBBBC52BC10FD900F58F43 /* BookListUITestsLaunchTests.swift */; };
/* End PBXBuildFile section */

/* Begin PBXContainerItemProxy section */
		CDDBBBB62BC10FD900F58F43 /* PBXContainerItemProxy */ = {
			isa = PBXContainerItemProxy;
			containerPortal = CDDBBB9D2BC10FD800F58F43 /* Project object */;
			proxyType = 1;
			remoteGlobalIDString = CDDBBBA42BC10FD800F58F43;
			remoteInfo = BookList;
		};
		CDDBBBC02BC10FD900F58F43 /* PBXContainerItemProxy */ = {
			isa = PBXContainerItemProxy;
			containerPortal = CDDBBB9D2BC10FD800F58F43 /* Project object */;
			proxyType = 1;
			remoteGlobalIDString = CDDBBBA42BC10FD800F58F43;
			remoteInfo = BookList;
		};
/* End PBXContainerItemProxy section */

/* Begin PBXFileReference section */
		CDDBBBA52BC10FD800F58F43 /* BookList.app */ = {isa = PBXFileReference; explicitFileType = wrapper.application; includeInIndex = 0; path = BookList.app; sourceTree = BUILT_PRODUCTS_DIR; };
		CDDBBBA82BC10FD800F58F43 /* BookListApp.swift */ = {isa = PBXFileReference; lastKnownFileType = sourcecode.swift; path = BookListApp.swift; sourceTree = "<group>"; };
		CDDBBBAA2BC10FD800F58F43 /* ContentView.swift */ = {isa = PBXFileReference; lastKnownFileType = sourcecode.swift; path = ContentView.swift; sourceTree = "<group>"; };
		CDDBBBAC2BC10FD900F58F43 /* Assets.xcassets */ = {isa = PBXFileReference; lastKnownFileType = folder.assetcatalog; path = Assets.xcassets; sourceTree = "<group>"; };
		CDDBBBAF2BC10FD900F58F43 /* Preview Assets.xcassets */ = {isa = PBXFileReference; lastKnownFileType = folder.assetcatalog; path = "Preview Assets.xcassets"; sourceTree = "<group>"; };
		CDDBBBB52BC10FD900F58F43 /* BookListTests.xctest */ = {isa = PBXFileReference; explicitFileType = wrapper.cfbundle; includeInIndex = 0; path = BookListTests.xctest; sourceTree = BUILT_PRODUCTS_DIR; };
		CDDBBBB92BC10FD900F58F43 /* BookListTests.swift */ = {isa = PBXFileReference; lastKnownFileType = sourcecode.swift; path = BookListTests.swift; sourceTree = "<group>"; };
		CDDBBBBF2BC10FD900F58F43 /* BookListUITests.xctest */ = {isa = PBXFileReference; explicitFileType = wrapper.cfbundle; includeInIndex = 0; path = BookListUITests.xctest; sourceTree = BUILT_PRODUCTS_DIR; };
		CDDBBBC32BC10FD900F58F43 /* BookListUITests.swift */ = {isa = PBXFileReference; lastKnownFileType = sourcecode.swift; path = BookListUITests.swift; sourceTree = "<group>"; };
		CDDBBBC52BC10FD900F58F43 /* BookListUITestsLaunchTests.swift */ = {isa = PBXFileReference; lastKnownFileType = sourcecode.swift; path = BookListUITestsLaunchTests.swift; sourceTree = "<group>"; };
/* End PBXFileReference section */

/* Begin PBXFrameworksBuildPhase section */
		CDDBBBA22BC10FD800F58F43 /* Frameworks */ = {
			isa = PBXFrameworksBuildPhase;
			buildActionMask = 2147483647;
			files = (
			);
			runOnlyForDeploymentPostprocessing = 0;
		};
		CDDBBBB22BC10FD900F58F43 /* Frameworks */ = {
			isa = PBXFrameworksBuildPhase;
			buildActionMask = 2147483647;
			files = (
			);
			runOnlyForDeploymentPostprocessing = 0;
		};
		CDDBBBBC2BC10FD900F58F43 /* Frameworks */ = {
			isa = PBXFrameworksBuildPhase;
			buildActionMask = 2147483647;
			files = (
			);
			runOnlyForDeploymentPostprocessing = 0;
		};
/* End PBXFrameworksBuildPhase section */

/* Begin PBXGroup section */
		CDDBBB9C2BC10FD800F58F43 = {
			isa = PBXGroup;
			children = (
				CDDBBBA72BC10FD800F58F43 /* BookList */,
				CDDBBBB82BC10FD900F58F43 /* BookListTests */,
				CDDBBBC22BC10FD900F58F43 /* BookListUITests */,
				CDDBBBA62BC10FD800F58F43 /* Products */,
			);
			sourceTree = "<group>";
		};
		CDDBBBA62BC10FD800F58F43 /* Products */ = {
			isa = PBXGroup;
			children = (
				CDDBBBA52BC10FD800F58F43 /* BookList.app */,
				CDDBBBB52BC10FD900F58F43 /* BookListTests.xctest */,
				CDDBBBBF2BC10FD900F58F43 /* BookListUITests.xctest */,
			);
			name = Products;
			sourceTree = "<group>";
		};
		CDDBBBA72BC10FD800F58F43 /* BookList */ = {
			isa = PBXGroup;
			children = (
				CDDBBBA82BC10FD800F58F43 /* BookListApp.swift */,
				CDDBBBAA2BC10FD800F58F43 /* ContentView.swift */,
				CDDBBBAC2BC10FD900F58F43 /* Assets.xcassets */,
				CDDBBBAE2BC10FD900F58F43 /* Preview Content */,
			);
			path = BookList;
			sourceTree = "<group>";
		};
		CDDBBBAE2BC10FD900F58F43 /* Preview Content */ = {
			isa = PBXGroup;
			children = (
				CDDBBBAF2BC10FD900F58F43 /* Preview Assets.xcassets */,
			);
			path = "Preview Content";
			sourceTree = "<group>";
		};
		CDDBBBB82BC10FD900F58F43 /* BookListTests */ = {
			isa = PBXGroup;
			children = (
				CDDBBBB92BC10FD900F58F43 /* BookListTests.swift */,
			);
			path = BookListTests;
			sourceTree = "<group>";
		};
		CDDBBBC22BC10FD900F58F43 /* BookListUITests */ = {
			isa = PBXGroup;
			children = (
				CDDBBBC32BC10FD900F58F43 /* BookListUITests.swift */,
				CDDBBBC52BC10FD900F58F43 /* BookListUITestsLaunchTests.swift */,
			);
			path = BookListUITests;
			sourceTree = "<group>";
		};
/* End PBXGroup section */

/* Begin PBXNativeTarget section */
		CDDBBBA42BC10FD800F58F43 /* BookList */ = {
			isa = PBXNativeTarget;
			buildConfigurationList = CDDBBBC92BC10FD900F58F43 /* Build configuration list for PBXNativeTarget "BookList" */;
			buildPhases = (
				CDDBBBA12BC10FD800F58F43 /* Sources */,
				CDDBBBA22BC10FD800F58F43 /* Frameworks */,
				CDDBBBA32BC10FD800F58F43 /* Resources */,
			);
			buildRules = (
			);
			dependencies = (
			);
			name = BookList;
			productName = BookList;
			productReference = CDDBBBA52BC10FD800F58F43 /* BookList.app */;
			productType = "com.apple.product-type.application";
		};
		CDDBBBB42BC10FD900F58F43 /* BookListTests */ = {
			isa = PBXNativeTarget;
			buildConfigurationList = CDDBBBCC2BC10FD900F58F43 /* Build configuration list for PBXNativeTarget "BookListTests" */;
			buildPhases = (
				CDDBBBB12BC10FD900F58F43 /* Sources */,
				CDDBBBB22BC10FD900F58F43 /* Frameworks */,
				CDDBBBB32BC10FD900F58F43 /* Resources */,
			);
			buildRules = (
			);
			dependencies = (
				CDDBBBB72BC10FD900F58F43 /* PBXTargetDependency */,
			);
			name = BookListTests;
			productName = BookListTests;
			productReference = CDDBBBB52BC10FD900F58F43 /* BookListTests.xctest */;
			productType = "com.apple.product-type.bundle.unit-test";
		};
		CDDBBBBE2BC10FD900F58F43 /* BookListUITests */ = {
			isa = PBXNativeTarget;
			buildConfigurationList = CDDBBBCF2BC10FD900F58F43 /* Build configuration list for PBXNativeTarget "BookListUITests" */;
			buildPhases = (
				CDDBBBBB2BC10FD900F58F43 /* Sources */,
				CDDBBBBC2BC10FD900F58F43 /* Frameworks */,
				CDDBBBBD2BC10FD900F58F43 /* Resources */,
			);
			buildRules = (
			);
			dependencies = (
				CDDBBBC12BC10FD900F58F43 /* PBXTargetDependency */,
			);
			name = BookListUITests;
			productName = BookListUITests;
			productReference = CDDBBBBF2BC10FD900F58F43 /* BookListUITests.xctest */;
			productType = "com.apple.product-type.bundle.ui-testing";
		};
/* End PBXNativeTarget section */

/* Begin PBXProject section */
		CDDBBB9D2BC10FD800F58F43 /* Project object */ = {
			isa = PBXProject;
			attributes = {
				BuildIndependentTargetsInParallel = 1;
				LastSwiftUpdateCheck = 1500;
				LastUpgradeCheck = 1500;
				TargetAttributes = {
					CDDBBBA42BC10FD800F58F43 = {
						CreatedOnToolsVersion = 15.0;
					};
					CDDBBBB42BC10FD900F58F43 = {
						CreatedOnToolsVersion = 15.0;
						TestTargetID = CDDBBBA42BC10FD800F58F43;
					};
					CDDBBBBE2BC10FD900F58F43 = {
						CreatedOnToolsVersion = 15.0;
						TestTargetID = CDDBBBA42BC10FD800F58F43;
					};
				};
			};
			buildConfigurationList = CDDBBBA02BC10FD800F58F43 /* Build configuration list for PBXProject "BookList" */;
			compatibilityVersion = "Xcode 14.0";
			developmentRegion = en;
			hasScannedForEncodings = 0;
			knownRegions = (
				en,
				Base,
			);
			mainGroup = CDDBBB9C2BC10FD800F58F43;
			productRefGroup = CDDBBBA62BC10FD800F58F43 /* Products */;
			projectDirPath = "";
			projectRoot = "";
			targets = (
				CDDBBBA42BC10FD800F58F43 /* BookList */,
				CDDBBBB42BC10FD900F58F43 /* BookListTests */,
				CDDBBBBE2BC10FD900F58F43 /* BookListUITests */,
			);
		};
/* End PBXProject section */

/* Begin PBXResourcesBuildPhase section */
		CDDBBBA32BC10FD800F58F43 /* Resources */ = {
			isa = PBXResourcesBuildPhase;
			buildActionMask = 2147483647;
			files = (
				CDDBBBB02BC10FD900F58F43 /* Preview Assets.xcassets in Resources */,
				CDDBBBAD2BC10FD900F58F43 /* Assets.xcassets in Resources */,
			);
			runOnlyForDeploymentPostprocessing = 0;
		};
		CDDBBBB32BC10FD900F58F43 /* Resources */ = {
			isa = PBXResourcesBuildPhase;
			buildActionMask = 2147483647;
			files = (
			);
			runOnlyForDeploymentPostprocessing = 0;
		};
		CDDBBBBD2BC10FD900F58F43 /* Resources */ = {
			isa = PBXResourcesBuildPhase;
			buildActionMask = 2147483647;
			files = (
			);
			runOnlyForDeploymentPostprocessing = 0;
		};
/* End PBXResourcesBuildPhase section */

/* Begin PBXSourcesBuildPhase section */
		CDDBBBA12BC10FD800F58F43 /* Sources */ = {
			isa = PBXSourcesBuildPhase;
			buildActionMask = 2147483647;
			files = (
				CDDBBBAB2BC10FD800F58F43 /* ContentView.swift in Sources */,
				CDDBBBA92BC10FD800F58F43 /* BookListApp.swift in Sources */,
			);
			runOnlyForDeploymentPostprocessing = 0;
		};
		CDDBBBB12BC10FD900F58F43 /* Sources */ = {
			isa = PBXSourcesBuildPhase;
			buildActionMask = 2147483647;
			files = (
				CDDBBBBA2BC10FD900F58F43 /* BookListTests.swift in Sources */,
			);
			runOnlyForDeploymentPostprocessing = 0;
		};
		CDDBBBBB2BC10FD900F58F43 /* Sources */ = {
			isa = PBXSourcesBuildPhase;
			buildActionMask = 2147483647;
			files = (
				CDDBBBC62BC10FD900F58F43 /* BookListUITestsLaunchTests.swift in Sources */,
				CDDBBBC42BC10FD900F58F43 /* BookListUITests.swift in Sources */,
			);
			runOnlyForDeploymentPostprocessing = 0;
		};
/* End PBXSourcesBuildPhase section */

/* Begin PBXTargetDependency section */
		CDDBBBB72BC10FD900F58F43 /* PBXTargetDependency */ = {
			isa = PBXTargetDependency;
			target = CDDBBBA42BC10FD800F58F43 /* BookList */;
			targetProxy = CDDBBBB62BC10FD900F58F43 /* PBXContainerItemProxy */;
		};
		CDDBBBC12BC10FD900F58F43 /* PBXTargetDependency */ = {
			isa = PBXTargetDependency;
			target = CDDBBBA42BC10FD800F58F43 /* BookList */;
			targetProxy = CDDBBBC02BC10FD900F58F43 /* PBXContainerItemProxy */;
		};
/* End PBXTargetDependency section */

/* Begin XCBuildConfiguration section */
		CDDBBBC72BC10FD900F58F43 /* Debug */ = {
			isa = XCBuildConfiguration;
			buildSettings = {
				ALWAYS_SEARCH_USER_PATHS = NO;
				ASSETCATALOG_COMPILER_GENERATE_SWIFT_ASSET_SYMBOL_EXTENSIONS = YES;
				CLANG_ANALYZER_NONNULL = YES;
				CLANG_ANALYZER_NUMBER_OBJECT_CONVERSION = YES_AGGRESSIVE;
				CLANG_CXX_LANGUAGE_STANDARD = "gnu++20";
				CLANG_ENABLE_MODULES = YES;
				CLANG_ENABLE_OBJC_ARC = YES;
				CLANG_ENABLE_OBJC_WEAK = YES;
				CLANG_WARN_BLOCK_CAPTURE_AUTORELEASING = YES;
				CLANG_WARN_BOOL_CONVERSION = YES;
				CLANG_WARN_COMMA = YES;
				CLANG_WARN_CONSTANT_CONVERSION = YES;
				CLANG_WARN_DEPRECATED_OBJC_IMPLEMENTATIONS = YES;
				CLANG_WARN_DIRECT_OBJC_ISA_USAGE = YES_ERROR;
				CLANG_WARN_DOCUMENTATION_COMMENTS = YES;
				CLANG_WARN_EMPTY_BODY = YES;
				CLANG_WARN_ENUM_CONVERSION = YES;
				CLANG_WARN_INFINITE_RECURSION = YES;
				CLANG_WARN_INT_CONVERSION = YES;
				CLANG_WARN_NON_LITERAL_NULL_CONVERSION = YES;
				CLANG_WARN_OBJC_IMPLICIT_RETAIN_SELF = YES;
				CLANG_WARN_OBJC_LITERAL_CONVERSION = YES;
				CLANG_WARN_OBJC_ROOT_CLASS = YES_ERROR;
				CLANG_WARN_QUOTED_INCLUDE_IN_FRAMEWORK_HEADER = YES;
				CLANG_WARN_RANGE_LOOP_ANALYSIS = YES;
				CLANG_WARN_STRICT_PROTOTYPES = YES;
				CLANG_WARN_SUSPICIOUS_MOVE = YES;
				CLANG_WARN_UNGUARDED_AVAILABILITY = YES_AGGRESSIVE;
				CLANG_WARN_UNREACHABLE_CODE = YES;
				CLANG_WARN__DUPLICATE_METHOD_MATCH = YES;
				COPY_PHASE_STRIP = NO;
				DEBUG_INFORMATION_FORMAT = dwarf;
				ENABLE_STRICT_OBJC_MSGSEND = YES;
				ENABLE_TESTABILITY = YES;
				ENABLE_USER_SCRIPT_SANDBOXING = YES;
				GCC_C_LANGUAGE_STANDARD = gnu17;
				GCC_DYNAMIC_NO_PIC = NO;
				GCC_NO_COMMON_BLOCKS = YES;
				GCC_OPTIMIZATION_LEVEL = 0;
				GCC_PREPROCESSOR_DEFINITIONS = (
					"DEBUG=1",
					"$(inherited)",
				);
				GCC_WARN_64_TO_32_BIT_CONVERSION = YES;
				GCC_WARN_ABOUT_RETURN_TYPE = YES_ERROR;
				GCC_WARN_UNDECLARED_SELECTOR = YES;
				GCC_WARN_UNINITIALIZED_AUTOS = YES_AGGRESSIVE;
				GCC_WARN_UNUSED_FUNCTION = YES;
				GCC_WARN_UNUSED_VARIABLE = YES;
				IPHONEOS_DEPLOYMENT_TARGET = 17.0;
				LOCALIZATION_PREFERS_STRING_CATALOGS = YES;
				MTL_ENABLE_DEBUG_INFO = INCLUDE_SOURCE;
				MTL_FAST_MATH = YES;
				ONLY_ACTIVE_ARCH = YES;
				SDKROOT = iphoneos;
				SWIFT_ACTIVE_COMPILATION_CONDITIONS = "DEBUG $(inherited)";
				SWIFT_OPTIMIZATION_LEVEL = "-Onone";
			};
			name = Debug;
		};
		CDDBBBC82BC10FD900F58F43 /* Release */ = {
			isa = XCBuildConfiguration;
			buildSettings = {
				ALWAYS_SEARCH_USER_PATHS = NO;
				ASSETCATALOG_COMPILER_GENERATE_SWIFT_ASSET_SYMBOL_EXTENSIONS = YES;
				CLANG_ANALYZER_NONNULL = YES;
				CLANG_ANALYZER_NUMBER_OBJECT_CONVERSION = YES_AGGRESSIVE;
				CLANG_CXX_LANGUAGE_STANDARD = "gnu++20";
				CLANG_ENABLE_MODULES = YES;
				CLANG_ENABLE_OBJC_ARC = YES;
				CLANG_ENABLE_OBJC_WEAK = YES;
				CLANG_WARN_BLOCK_CAPTURE_AUTORELEASING = YES;
				CLANG_WARN_BOOL_CONVERSION = YES;
				CLANG_WARN_COMMA = YES;
				CLANG_WARN_CONSTANT_CONVERSION = YES;
				CLANG_WARN_DEPRECATED_OBJC_IMPLEMENTATIONS = YES;
				CLANG_WARN_DIRECT_OBJC_ISA_USAGE = YES_ERROR;
				CLANG_WARN_DOCUMENTATION_COMMENTS = YES;
				CLANG_WARN_EMPTY_BODY = YES;
				CLANG_WARN_ENUM_CONVERSION = YES;
				CLANG_WARN_INFINITE_RECURSION = YES;
				CLANG_WARN_INT_CONVERSION = YES;
				CLANG_WARN_NON_LITERAL_NULL_CONVERSION = YES;
				CLANG_WARN_OBJC_IMPLICIT_RETAIN_SELF = YES;
				CLANG_WARN_OBJC_LITERAL_CONVERSION = YES;
				CLANG_WARN_OBJC_ROOT_CLASS = YES_ERROR;
				CLANG_WARN_QUOTED_INCLUDE_IN_FRAMEWORK_HEADER = YES;
				CLANG_WARN_RANGE_LOOP_ANALYSIS = YES;
				CLANG_WARN_STRICT_PROTOTYPES = YES;
				CLANG_WARN_SUSPICIOUS_MOVE = YES;
				CLANG_WARN_UNGUARDED_AVAILABILITY = YES_AGGRESSIVE;
				CLANG_WARN_UNREACHABLE_CODE = YES;
				CLANG_WARN__DUPLICATE_METHOD_MATCH = YES;
				COPY_PHASE_STRIP = NO;
				DEBUG_INFORMATION_FORMAT = "dwarf-with-dsym";
				ENABLE_NS_ASSERTIONS = NO;
				ENABLE_STRICT_OBJC_MSGSEND = YES;
				ENABLE_USER_SCRIPT_SANDBOXING = YES;
				GCC_C_LANGUAGE_STANDARD = gnu17;
				GCC_NO_COMMON_BLOCKS = YES;
				GCC_WARN_64_TO_32_BIT_CONVERSION = YES;
				GCC_WARN_ABOUT_RETURN_TYPE = YES_ERROR;
				GCC_WARN_UNDECLARED_SELECTOR = YES;
				GCC_WARN_UNINITIALIZED_AUTOS = YES_AGGRESSIVE;
				GCC_WARN_UNUSED_FUNCTION = YES;
				GCC_WARN_UNUSED_VARIABLE = YES;
				IPHONEOS_DEPLOYMENT_TARGET = 17.0;
				LOCALIZATION_PREFERS_STRING_CATALOGS = YES;
				MTL_ENABLE_DEBUG_INFO = NO;
				MTL_FAST_MATH = YES;
				SDKROOT = iphoneos;
				SWIFT_COMPILATION_MODE = wholemodule;
				VALIDATE_PRODUCT = YES;
			};
			name = Release;
		};
		CDDBBBCA2BC10FD900F58F43 /* Debug */ = {
			isa = XCBuildConfiguration;
			buildSettings = {
				ASSETCATALOG_COMPILER_APPICON_NAME = AppIcon;
				ASSETCATALOG_COMPILER_GLOBAL_ACCENT_COLOR_NAME = AccentColor;
				CODE_SIGN_STYLE = Automatic;
				CURRENT_PROJECT_VERSION = 1;
				DEVELOPMENT_ASSET_PATHS = "\"BookList/Preview Content\"";
				DEVELOPMENT_TEAM = SH7598WJ8A;
				ENABLE_PREVIEWS = YES;
				GENERATE_INFOPLIST_FILE = YES;
				INFOPLIST_KEY_UIApplicationSceneManifest_Generation = YES;
				INFOPLIST_KEY_UIApplicationSupportsIndirectInputEvents = YES;
				INFOPLIST_KEY_UILaunchScreen_Generation = YES;
				INFOPLIST_KEY_UISupportedInterfaceOrientations_iPad = "UIInterfaceOrientationPortrait UIInterfaceOrientationPortraitUpsideDown UIInterfaceOrientationLandscapeLeft UIInterfaceOrientationLandscapeRight";
				INFOPLIST_KEY_UISupportedInterfaceOrientations_iPhone = "UIInterfaceOrientationPortrait UIInterfaceOrientationLandscapeLeft UIInterfaceOrientationLandscapeRight";
				LD_RUNPATH_SEARCH_PATHS = (
					"$(inherited)",
					"@executable_path/Frameworks",
				);
				MARKETING_VERSION = 1.0;
				PRODUCT_BUNDLE_IDENTIFIER = com.bobbert.BookList;
				PRODUCT_NAME = "$(TARGET_NAME)";
				SWIFT_EMIT_LOC_STRINGS = YES;
				SWIFT_VERSION = 5.0;
				TARGETED_DEVICE_FAMILY = "1,2";
			};
			name = Debug;
		};
		CDDBBBCB2BC10FD900F58F43 /* Release */ = {
			isa = XCBuildConfiguration;
			buildSettings = {
				ASSETCATALOG_COMPILER_APPICON_NAME = AppIcon;
				ASSETCATALOG_COMPILER_GLOBAL_ACCENT_COLOR_NAME = AccentColor;
				CODE_SIGN_STYLE = Automatic;
				CURRENT_PROJECT_VERSION = 1;
				DEVELOPMENT_ASSET_PATHS = "\"BookList/Preview Content\"";
				DEVELOPMENT_TEAM = SH7598WJ8A;
				ENABLE_PREVIEWS = YES;
				GENERATE_INFOPLIST_FILE = YES;
				INFOPLIST_KEY_UIApplicationSceneManifest_Generation = YES;
				INFOPLIST_KEY_UIApplicationSupportsIndirectInputEvents = YES;
				INFOPLIST_KEY_UILaunchScreen_Generation = YES;
				INFOPLIST_KEY_UISupportedInterfaceOrientations_iPad = "UIInterfaceOrientationPortrait UIInterfaceOrientationPortraitUpsideDown UIInterfaceOrientationLandscapeLeft UIInterfaceOrientationLandscapeRight";
				INFOPLIST_KEY_UISupportedInterfaceOrientations_iPhone = "UIInterfaceOrientationPortrait UIInterfaceOrientationLandscapeLeft UIInterfaceOrientationLandscapeRight";
				LD_RUNPATH_SEARCH_PATHS = (
					"$(inherited)",
					"@executable_path/Frameworks",
				);
				MARKETING_VERSION = 1.0;
				PRODUCT_BUNDLE_IDENTIFIER = com.bobbert.BookList;
				PRODUCT_NAME = "$(TARGET_NAME)";
				SWIFT_EMIT_LOC_STRINGS = YES;
				SWIFT_VERSION = 5.0;
				TARGETED_DEVICE_FAMILY = "1,2";
			};
			name = Release;
		};
		CDDBBBCD2BC10FD900F58F43 /* Debug */ = {
			isa = XCBuildConfiguration;
			buildSettings = {
				ALWAYS_EMBED_SWIFT_STANDARD_LIBRARIES = YES;
				BUNDLE_LOADER = "$(TEST_HOST)";
				CODE_SIGN_STYLE = Automatic;
				CURRENT_PROJECT_VERSION = 1;
				DEVELOPMENT_TEAM = SH7598WJ8A;
				GENERATE_INFOPLIST_FILE = YES;
				IPHONEOS_DEPLOYMENT_TARGET = 17.0;
				MARKETING_VERSION = 1.0;
				PRODUCT_BUNDLE_IDENTIFIER = com.bobbert.BookListTests;
				PRODUCT_NAME = "$(TARGET_NAME)";
				SWIFT_EMIT_LOC_STRINGS = NO;
				SWIFT_VERSION = 5.0;
				TARGETED_DEVICE_FAMILY = "1,2";
				TEST_HOST = "$(BUILT_PRODUCTS_DIR)/BookList.app/$(BUNDLE_EXECUTABLE_FOLDER_PATH)/BookList";
			};
			name = Debug;
		};
		CDDBBBCE2BC10FD900F58F43 /* Release */ = {
			isa = XCBuildConfiguration;
			buildSettings = {
				ALWAYS_EMBED_SWIFT_STANDARD_LIBRARIES = YES;
				BUNDLE_LOADER = "$(TEST_HOST)";
				CODE_SIGN_STYLE = Automatic;
				CURRENT_PROJECT_VERSION = 1;
				DEVELOPMENT_TEAM = SH7598WJ8A;
				GENERATE_INFOPLIST_FILE = YES;
				IPHONEOS_DEPLOYMENT_TARGET = 17.0;
				MARKETING_VERSION = 1.0;
				PRODUCT_BUNDLE_IDENTIFIER = com.bobbert.BookListTests;
				PRODUCT_NAME = "$(TARGET_NAME)";
				SWIFT_EMIT_LOC_STRINGS = NO;
				SWIFT_VERSION = 5.0;
				TARGETED_DEVICE_FAMILY = "1,2";
				TEST_HOST = "$(BUILT_PRODUCTS_DIR)/BookList.app/$(BUNDLE_EXECUTABLE_FOLDER_PATH)/BookList";
			};
			name = Release;
		};
		CDDBBBD02BC10FD900F58F43 /* Debug */ = {
			isa = XCBuildConfiguration;
			buildSettings = {
				ALWAYS_EMBED_SWIFT_STANDARD_LIBRARIES = YES;
				CODE_SIGN_STYLE = Automatic;
				CURRENT_PROJECT_VERSION = 1;
				DEVELOPMENT_TEAM = SH7598WJ8A;
				GENERATE_INFOPLIST_FILE = YES;
				MARKETING_VERSION = 1.0;
				PRODUCT_BUNDLE_IDENTIFIER = com.bobbert.BookListUITests;
				PRODUCT_NAME = "$(TARGET_NAME)";
				SWIFT_EMIT_LOC_STRINGS = NO;
				SWIFT_VERSION = 5.0;
				TARGETED_DEVICE_FAMILY = "1,2";
				TEST_TARGET_NAME = BookList;
			};
			name = Debug;
		};
		CDDBBBD12BC10FD900F58F43 /* Release */ = {
			isa = XCBuildConfiguration;
			buildSettings = {
				ALWAYS_EMBED_SWIFT_STANDARD_LIBRARIES = YES;
				CODE_SIGN_STYLE = Automatic;
				CURRENT_PROJECT_VERSION = 1;
				DEVELOPMENT_TEAM = SH7598WJ8A;
				GENERATE_INFOPLIST_FILE = YES;
				MARKETING_VERSION = 1.0;
				PRODUCT_BUNDLE_IDENTIFIER = com.bobbert.BookListUITests;
				PRODUCT_NAME = "$(TARGET_NAME)";
				SWIFT_EMIT_LOC_STRINGS = NO;
				SWIFT_VERSION = 5.0;
				TARGETED_DEVICE_FAMILY = "1,2";
				TEST_TARGET_NAME = BookList;
			};
			name = Release;
		};
/* End XCBuildConfiguration section */

/* Begin XCConfigurationList section */
		CDDBBBA02BC10FD800F58F43 /* Build configuration list for PBXProject "BookList" */ = {
			isa = XCConfigurationList;
			buildConfigurations = (
				CDDBBBC72BC10FD900F58F43 /* Debug */,
				CDDBBBC82BC10FD900F58F43 /* Release */,
			);
			defaultConfigurationIsVisible = 0;
			defaultConfigurationName = Release;
		};
		CDDBBBC92BC10FD900F58F43 /* Build configuration list for PBXNativeTarget "BookList" */ = {
			isa = XCConfigurationList;
			buildConfigurations = (
				CDDBBBCA2BC10FD900F58F43 /* Debug */,
				CDDBBBCB2BC10FD900F58F43 /* Release */,
			);
			defaultConfigurationIsVisible = 0;
			defaultConfigurationName = Release;
		};
		CDDBBBCC2BC10FD900F58F43 /* Build configuration list for PBXNativeTarget "BookListTests" */ = {
			isa = XCConfigurationList;
			buildConfigurations = (
				CDDBBBCD2BC10FD900F58F43 /* Debug */,
				CDDBBBCE2BC10FD900F58F43 /* Release */,
			);
			defaultConfigurationIsVisible = 0;
			defaultConfigurationName = Release;
		};
		CDDBBBCF2BC10FD900F58F43 /* Build configuration list for PBXNativeTarget "BookListUITests" */ = {
			isa = XCConfigurationList;
			buildConfigurations = (
				CDDBBBD02BC10FD900F58F43 /* Debug */,
				CDDBBBD12BC10FD900F58F43 /* Release */,
			);
			defaultConfigurationIsVisible = 0;
			defaultConfigurationName = Release;
		};
/* End XCConfigurationList section */
	};
	rootObject = CDDBBB9D2BC10FD800F58F43 /* Project object */;
}
